<?xml version="1.0" encoding="utf-8"?>
<Project ToolsVersion="4.0" xmlns="http://schemas.microsoft.com/developer/msbuild/2003">
  <ItemGroup>
    <Filter Include="Source Files">
      <UniqueIdentifier>{4FC737F1-C7A5-4376-A066-2A32D752A2FF}</UniqueIdentifier>
      <Extensions>cpp;c;cc;cxx;def;odl;idl;hpj;bat;asm;asmx</Extensions>
    </Filter>
    <Filter Include="Header Files">
      <UniqueIdentifier>{93995380-89BD-4b04-88EB-625FBE52EBFB}</UniqueIdentifier>
      <Extensions>h;hh;hpp;hxx;hm;inl;inc;ipp;xsd</Extensions>
    </Filter>
    <Filter Include="Resource Files">
      <UniqueIdentifier>{67DA6AB6-F800-4c08-8B7A-83BB121AAD01}</UniqueIdentifier>
      <Extensions>rc;ico;cur;bmp;dlg;rc2;rct;bin;rgs;gif;jpg;jpeg;jpe;resx;tiff;tif;png;wav;mfcribbon-ms</Extensions>
    </Filter>
    <Filter Include="Source Files\Game Files">
      <UniqueIdentifier>{8252ffc3-24d4-4ff0-8020-ed4728a371db}</UniqueIdentifier>
    </Filter>
    <Filter Include="Source Files\Game Files\Components">
      <UniqueIdentifier>{2ace4e56-5def-44aa-bc9b-0ee5a838cad0}</UniqueIdentifier>
    </Filter>
    <Filter Include="Source Files\Game Files\Commands">
      <UniqueIdentifier>{eb7f82de-8bd8-431e-8800-7beaab5b726b}</UniqueIdentifier>
    </Filter>
  </ItemGroup>
  <ItemGroup>
    <ClInclude Include="pch.h">
      <Filter>Header Files</Filter>
    </ClInclude>
    <ClInclude Include="FPSScene.h">
      <Filter>Source Files\Game Files</Filter>
    </ClInclude>
    <ClInclude Include="DigDug.h">
      <Filter>Source Files\Game Files</Filter>
    </ClInclude>
    <ClInclude Include="SpriteDescSwitchComponent.h">
      <Filter>Source Files\Game Files\Components</Filter>
    </ClInclude>
    <ClInclude Include="EnemyManager.h">
      <Filter>Source Files\Game Files\Components</Filter>
    </ClInclude>
    <ClInclude Include="FPSDisplayComponent.h">
      <Filter>Source Files\Game Files\Components</Filter>
    </ClInclude>
    <ClInclude Include="BlockManager.h">
      <Filter>Source Files\Game Files\Components</Filter>
    </ClInclude>
    <ClInclude Include="PlayerMovementComponent.h">
      <Filter>Source Files\Game Files\Components</Filter>
    </ClInclude>
    <ClInclude Include="PlayerMovementCommand.h">
      <Filter>Source Files\Game Files\Commands</Filter>
    </ClInclude>
    <ClInclude Include="PlayerSpriteSwitchComponent.h">
      <Filter>Source Files\Game Files\Components</Filter>
    </ClInclude>
    <ClInclude Include="BlockCollisionHandler.h">
      <Filter>Source Files\Game Files\Components</Filter>
    </ClInclude>
    <ClInclude Include="PlayerCollisionHandler.h">
      <Filter>Source Files\Game Files\Components</Filter>
    </ClInclude>
    <ClInclude Include="EventsAndTags.h">
      <Filter>Header Files</Filter>
    </ClInclude>
    <ClInclude Include="MenuScene.h">
      <Filter>Source Files\Game Files</Filter>
    </ClInclude>
    <ClInclude Include="SelectionComponent.h">
      <Filter>Source Files\Game Files\Components</Filter>
    </ClInclude>
    <ClInclude Include="SelectCommand.h">
      <Filter>Source Files\Game Files\Commands</Filter>
    </ClInclude>
  </ItemGroup>
  <ItemGroup>
    <ClCompile Include="pch.cpp">
      <Filter>Source Files</Filter>
    </ClCompile>
    <ClCompile Include="GameProject.cpp">
      <Filter>Source Files</Filter>
    </ClCompile>
    <ClCompile Include="FPSScene.cpp">
      <Filter>Source Files\Game Files</Filter>
    </ClCompile>
    <ClCompile Include="DigDug.cpp">
      <Filter>Source Files\Game Files</Filter>
    </ClCompile>
    <ClCompile Include="SpriteDescSwitchComponent.cpp">
      <Filter>Source Files\Game Files\Components</Filter>
    </ClCompile>
    <ClCompile Include="EnemyManager.cpp">
      <Filter>Source Files\Game Files\Components</Filter>
    </ClCompile>
    <ClCompile Include="FPSDisplayComponent.cpp">
      <Filter>Source Files\Game Files\Components</Filter>
    </ClCompile>
    <ClCompile Include="BlockManager.cpp">
      <Filter>Source Files\Game Files\Components</Filter>
    </ClCompile>
    <ClCompile Include="PlayerMovementComponent.cpp">
      <Filter>Source Files\Game Files\Components</Filter>
    </ClCompile>
    <ClCompile Include="PlayerMovementCommand.cpp">
      <Filter>Source Files\Game Files\Commands</Filter>
    </ClCompile>
    <ClCompile Include="PlayerSpriteSwitchComponent.cpp">
      <Filter>Source Files\Game Files\Components</Filter>
    </ClCompile>
    <ClCompile Include="BlockCollisionHandler.cpp">
      <Filter>Source Files\Game Files\Components</Filter>
    </ClCompile>
    <ClCompile Include="PlayerCollisionHandler.cpp">
      <Filter>Source Files\Game Files\Components</Filter>
    </ClCompile>
    <ClCompile Include="MenuScene.cpp">
      <Filter>Source Files\Game Files</Filter>
    </ClCompile>
    <ClCompile Include="SelectionComponent.cpp">
      <Filter>Source Files\Game Files\Components</Filter>
    </ClCompile>
    <ClCompile Include="SelectCommand.cpp">
      <Filter>Source Files\Game Files\Commands</Filter>
    </ClCompile>
  </ItemGroup>
</Project>